
Microsoft Visual Studio Solution File, Format Version 12.00
# Visual Studio Version 17
VisualStudioVersion = 17.12.35527.113
MinimumVisualStudioVersion = 10.0.40219.1
Project("{FAE04EC0-301F-11D3-BF4B-00C04F79EFBC}") = "Data", "Data\Data.csproj", "{D9525E71-2EB6-4DF6-B41D-FEAE02EB75A5}"
EndProject
Project("{FAE04EC0-301F-11D3-BF4B-00C04F79EFBC}") = "Business", "Business\Business.csproj", "{89E489D1-726C-4968-A83B-47C784D3BCAB}"
EndProject
Project("{FAE04EC0-301F-11D3-BF4B-00C04F79EFBC}") = "Presentation_Wpf", "Presentation_Wpf\Presentation_Wpf.csproj", "{E068029D-1F8C-4185-BD9F-71CF7E4C408B}"
EndProject
Global
	GlobalSection(SolutionConfigurationPlatforms) = preSolution
		Debug|Any CPU = Debug|Any CPU
		Release|Any CPU = Release|Any CPU
	EndGlobalSection
	GlobalSection(ProjectConfigurationPlatforms) = postSolution
		{D9525E71-2EB6-4DF6-B41D-FEAE02EB75A5}.Debug|Any CPU.ActiveCfg = Debug|Any CPU
		{D9525E71-2EB6-4DF6-B41D-FEAE02EB75A5}.Debug|Any CPU.Build.0 = Debug|Any CPU
		{D9525E71-2EB6-4DF6-B41D-FEAE02EB75A5}.Release|Any CPU.ActiveCfg = Release|Any CPU
		{D9525E71-2EB6-4DF6-B41D-FEAE02EB75A5}.Release|Any CPU.Build.0 = Release|Any CPU
		{89E489D1-726C-4968-A83B-47C784D3BCAB}.Debug|Any CPU.ActiveCfg = Debug|Any CPU
		{89E489D1-726C-4968-A83B-47C784D3BCAB}.Debug|Any CPU.Build.0 = Debug|Any CPU
		{89E489D1-726C-4968-A83B-47C784D3BCAB}.Release|Any CPU.ActiveCfg = Release|Any CPU
		{89E489D1-726C-4968-A83B-47C784D3BCAB}.Release|Any CPU.Build.0 = Release|Any CPU
		{E068029D-1F8C-4185-BD9F-71CF7E4C408B}.Debug|Any CPU.ActiveCfg = Debug|Any CPU
		{E068029D-1F8C-4185-BD9F-71CF7E4C408B}.Debug|Any CPU.Build.0 = Debug|Any CPU
		{E068029D-1F8C-4185-BD9F-71CF7E4C408B}.Release|Any CPU.ActiveCfg = Release|Any CPU
		{E068029D-1F8C-4185-BD9F-71CF7E4C408B}.Release|Any CPU.Build.0 = Release|Any CPU
	EndGlobalSection
	GlobalSection(SolutionProperties) = preSolution
		HideSolutionNode = FALSE
	EndGlobalSection
EndGlobal
